
Microsoft Visual Studio Solution File, Format Version 12.00
# Visual Studio Version 16
VisualStudioVersion = 16.0.30128.74
MinimumVisualStudioVersion = 10.0.40219.1
Project("{FAE04EC0-301F-11D3-BF4B-00C04F79EFBC}") = "ShoppingCart.Api", "ShoppingCart.Api\ShoppingCart.Api.csproj", "{355473C3-2A05-4D2A-AD94-1838A75B0074}"
EndProject
Project("{FAE04EC0-301F-11D3-BF4B-00C04F79EFBC}") = "ShoppingCart.Business", "ShoppingCart.Business\ShoppingCart.Business.csproj", "{D67D9537-1CDB-4AC7-BC3F-D068C0918AC1}"
EndProject
Project("{FAE04EC0-301F-11D3-BF4B-00C04F79EFBC}") = "ShoppingCart.DataAccess", "ShoppingCart.DataAccess\ShoppingCart.DataAccess.csproj", "{EE288B48-8D8F-4784-BF31-300553FA95BE}"
EndProject
Global
	GlobalSection(SolutionConfigurationPlatforms) = preSolution
		Debug|Any CPU = Debug|Any CPU
		Release|Any CPU = Release|Any CPU
	EndGlobalSection
	GlobalSection(ProjectConfigurationPlatforms) = postSolution
		{355473C3-2A05-4D2A-AD94-1838A75B0074}.Debug|Any CPU.ActiveCfg = Debug|Any CPU
		{355473C3-2A05-4D2A-AD94-1838A75B0074}.Debug|Any CPU.Build.0 = Debug|Any CPU
		{355473C3-2A05-4D2A-AD94-1838A75B0074}.Release|Any CPU.ActiveCfg = Release|Any CPU
		{355473C3-2A05-4D2A-AD94-1838A75B0074}.Release|Any CPU.Build.0 = Release|Any CPU
		{D67D9537-1CDB-4AC7-BC3F-D068C0918AC1}.Debug|Any CPU.ActiveCfg = Debug|Any CPU
		{D67D9537-1CDB-4AC7-BC3F-D068C0918AC1}.Debug|Any CPU.Build.0 = Debug|Any CPU
		{D67D9537-1CDB-4AC7-BC3F-D068C0918AC1}.Release|Any CPU.ActiveCfg = Release|Any CPU
		{D67D9537-1CDB-4AC7-BC3F-D068C0918AC1}.Release|Any CPU.Build.0 = Release|Any CPU
		{EE288B48-8D8F-4784-BF31-300553FA95BE}.Debug|Any CPU.ActiveCfg = Debug|Any CPU
		{EE288B48-8D8F-4784-BF31-300553FA95BE}.Debug|Any CPU.Build.0 = Debug|Any CPU
		{EE288B48-8D8F-4784-BF31-300553FA95BE}.Release|Any CPU.ActiveCfg = Release|Any CPU
		{EE288B48-8D8F-4784-BF31-300553FA95BE}.Release|Any CPU.Build.0 = Release|Any CPU
	EndGlobalSection
	GlobalSection(SolutionProperties) = preSolution
		HideSolutionNode = FALSE
	EndGlobalSection
	GlobalSection(ExtensibilityGlobals) = postSolution
		SolutionGuid = {5E7E1B8D-166B-41FC-BFD2-B6CD5082B894}
	EndGlobalSection
EndGlobal
